
Microsoft Visual Studio Solution File, Format Version 12.00
# Visual Studio 15
VisualStudioVersion = 15.0.27004.2009
MinimumVisualStudioVersion = 10.0.40219.1
Project("{FAE04EC0-301F-11D3-BF4B-00C04F79EFBC}") = "RemoveExclamationMarks.Main", "RemoveExclamationMarks.Main\RemoveExclamationMarks.Main.csproj", "{D4B1D16F-F5BA-42C4-9491-BD347801FBDE}"
EndProject
Project("{FAE04EC0-301F-11D3-BF4B-00C04F79EFBC}") = "RemoveExclamationMarks.Library", "RemoveExclamationMarks.Library\RemoveExclamationMarks.Library.csproj", "{DF487B14-5730-45C5-9AEF-6EE155463117}"
EndProject
Project("{FAE04EC0-301F-11D3-BF4B-00C04F79EFBC}") = "RemovMarks.Test", "RemovMarks.Test\RemovMarks.Test.csproj", "{2DDCD83F-3CBF-41B8-A634-E6A59DA97A8C}"
EndProject
Global
	GlobalSection(SolutionConfigurationPlatforms) = preSolution
		Debug|Any CPU = Debug|Any CPU
		Release|Any CPU = Release|Any CPU
	EndGlobalSection
	GlobalSection(ProjectConfigurationPlatforms) = postSolution
		{D4B1D16F-F5BA-42C4-9491-BD347801FBDE}.Debug|Any CPU.ActiveCfg = Debug|Any CPU
		{D4B1D16F-F5BA-42C4-9491-BD347801FBDE}.Debug|Any CPU.Build.0 = Debug|Any CPU
		{D4B1D16F-F5BA-42C4-9491-BD347801FBDE}.Release|Any CPU.ActiveCfg = Release|Any CPU
		{D4B1D16F-F5BA-42C4-9491-BD347801FBDE}.Release|Any CPU.Build.0 = Release|Any CPU
		{DF487B14-5730-45C5-9AEF-6EE155463117}.Debug|Any CPU.ActiveCfg = Debug|Any CPU
		{DF487B14-5730-45C5-9AEF-6EE155463117}.Debug|Any CPU.Build.0 = Debug|Any CPU
		{DF487B14-5730-45C5-9AEF-6EE155463117}.Release|Any CPU.ActiveCfg = Release|Any CPU
		{DF487B14-5730-45C5-9AEF-6EE155463117}.Release|Any CPU.Build.0 = Release|Any CPU
		{2DDCD83F-3CBF-41B8-A634-E6A59DA97A8C}.Debug|Any CPU.ActiveCfg = Debug|Any CPU
		{2DDCD83F-3CBF-41B8-A634-E6A59DA97A8C}.Debug|Any CPU.Build.0 = Debug|Any CPU
		{2DDCD83F-3CBF-41B8-A634-E6A59DA97A8C}.Release|Any CPU.ActiveCfg = Release|Any CPU
		{2DDCD83F-3CBF-41B8-A634-E6A59DA97A8C}.Release|Any CPU.Build.0 = Release|Any CPU
	EndGlobalSection
	GlobalSection(SolutionProperties) = preSolution
		HideSolutionNode = FALSE
	EndGlobalSection
	GlobalSection(ExtensibilityGlobals) = postSolution
		SolutionGuid = {8AA97DBC-8AFB-4FCD-AA58-853820001C04}
	EndGlobalSection
EndGlobal
